
Microsoft Visual Studio Solution File, Format Version 12.00
# Visual Studio Version 17
VisualStudioVersion = 17.9.34622.214
MinimumVisualStudioVersion = 10.0.40219.1
Project("{FAE04EC0-301F-11D3-BF4B-00C04F79EFBC}") = "Test3-24S", "Test3-24S\Test3-24S.csproj", "{F6851BA4-F5E8-43F8-9927-F4E69D902488}"
EndProject
Global
	GlobalSection(SolutionConfigurationPlatforms) = preSolution
		Debug|Any CPU = Debug|Any CPU
		Release|Any CPU = Release|Any CPU
	EndGlobalSection
	GlobalSection(ProjectConfigurationPlatforms) = postSolution
		{F6851BA4-F5E8-43F8-9927-F4E69D902488}.Debug|Any CPU.ActiveCfg = Debug|Any CPU
		{F6851BA4-F5E8-43F8-9927-F4E69D902488}.Debug|Any CPU.Build.0 = Debug|Any CPU
		{F6851BA4-F5E8-43F8-9927-F4E69D902488}.Release|Any CPU.ActiveCfg = Release|Any CPU
		{F6851BA4-F5E8-43F8-9927-F4E69D902488}.Release|Any CPU.Build.0 = Release|Any CPU
	EndGlobalSection
	GlobalSection(SolutionProperties) = preSolution
		HideSolutionNode = FALSE
	EndGlobalSection
	GlobalSection(ExtensibilityGlobals) = postSolution
		SolutionGuid = {46E97EB6-1DF0-473D-9FDE-F745731E34AA}
	EndGlobalSection
EndGlobal
